
Microsoft Visual Studio Solution File, Format Version 11.00
# Visual Studio 2010
Project("{8BC9CEB8-8B4A-11D0-8D11-00A0C91BC942}") = "extradnf", "extradnf\extradnf.vcxproj", "{43D6004E-F801-4175-9677-9D1D14C6CD7F}"
EndProject
Global
	GlobalSection(SolutionConfigurationPlatforms) = preSolution
		Debug|Win32 = Debug|Win32
		Release|Win32 = Release|Win32
	EndGlobalSection
	GlobalSection(ProjectConfigurationPlatforms) = postSolution
		{43D6004E-F801-4175-9677-9D1D14C6CD7F}.Debug|Win32.ActiveCfg = Debug|Win32
		{43D6004E-F801-4175-9677-9D1D14C6CD7F}.Debug|Win32.Build.0 = Debug|Win32
		{43D6004E-F801-4175-9677-9D1D14C6CD7F}.Release|Win32.ActiveCfg = Release|Win32
		{43D6004E-F801-4175-9677-9D1D14C6CD7F}.Release|Win32.Build.0 = Release|Win32
	EndGlobalSection
	GlobalSection(SolutionProperties) = preSolution
		HideSolutionNode = FALSE
	EndGlobalSection
EndGlobal
